Microsoft Visual Studio Solution File, Format Version 12.00
# Visual Studio Version 17
VisualStudioVersion = 17.5.2.0
MinimumVisualStudioVersion = 10.0.40219.1
Project("{FAE04EC0-301F-11D3-BF4B-00C04F79EFBC}") = "WeatherGetterFrontend", "WeatherGetterFrontend.csproj", "{2FFE7683-E931-0910-E739-D493C6974757}"
EndProject
Global
	GlobalSection(SolutionConfigurationPlatforms) = preSolution
		Debug|Any CPU = Debug|Any CPU
		Release|Any CPU = Release|Any CPU
	EndGlobalSection
	GlobalSection(ProjectConfigurationPlatforms) = postSolution
		{2FFE7683-E931-0910-E739-D493C6974757}.Debug|Any CPU.ActiveCfg = Debug|Any CPU
		{2FFE7683-E931-0910-E739-D493C6974757}.Debug|Any CPU.Build.0 = Debug|Any CPU
		{2FFE7683-E931-0910-E739-D493C6974757}.Release|Any CPU.ActiveCfg = Release|Any CPU
		{2FFE7683-E931-0910-E739-D493C6974757}.Release|Any CPU.Build.0 = Release|Any CPU
	EndGlobalSection
	GlobalSection(SolutionProperties) = preSolution
		HideSolutionNode = FALSE
	EndGlobalSection
	GlobalSection(ExtensibilityGlobals) = postSolution
		SolutionGuid = {7FEA824F-B9F0-4885-B776-BEC78F274564}
	EndGlobalSection
EndGlobal
